lockfileVersion: '6.0'

settings:
  autoInstallPeers: true
  excludeLinksFromLockfile: false

dependencies:
  sortablejs:
    specifier: ^1.15.0
    version: 1.15.0

packages:

  /sortablejs@1.15.0:
    resolution: {integrity: sha512-bv9qgVMjUMf89wAvM6AxVvS/4MX3sPeN0+agqShejLU5z5GX4C75ow1O2e5k4L6XItUyAK3gH6AxSbXrOM5e8w==}
    dev: false
